
Microsoft Visual Studio Solution File, Format Version 12.00
# Visual Studio Version 17
VisualStudioVersion = 17.8.34511.84
MinimumVisualStudioVersion = 10.0.40219.1
Project("{FAE04EC0-301F-11D3-BF4B-00C04F79EFBC}") = "PinBubble", "PinBubble.csproj", "{36237585-E9D3-47FA-86C1-D75E6F4E718B}"
EndProject
Global
	GlobalSection(SolutionConfigurationPlatforms) = preSolution
		Debug|Any CPU = Debug|Any CPU
		Release|Any CPU = Release|Any CPU
	EndGlobalSection
	GlobalSection(ProjectConfigurationPlatforms) = postSolution
		{36237585-E9D3-47FA-86C1-D75E6F4E718B}.Debug|Any CPU.ActiveCfg = Debug|Any CPU
		{36237585-E9D3-47FA-86C1-D75E6F4E718B}.Debug|Any CPU.Build.0 = Debug|Any CPU
		{36237585-E9D3-47FA-86C1-D75E6F4E718B}.Release|Any CPU.ActiveCfg = Release|Any CPU
		{36237585-E9D3-47FA-86C1-D75E6F4E718B}.Release|Any CPU.Build.0 = Release|Any CPU
	EndGlobalSection
	GlobalSection(SolutionProperties) = preSolution
		HideSolutionNode = FALSE
	EndGlobalSection
	GlobalSection(ExtensibilityGlobals) = postSolution
		SolutionGuid = {664E981E-0599-4B7D-AE73-419BFD140153}
	EndGlobalSection
EndGlobal
